
Microsoft Visual Studio Solution File, Format Version 12.00
# Visual Studio 15
VisualStudioVersion = 15.0.28307.168
MinimumVisualStudioVersion = 10.0.40219.1
Project("{9A19103F-16F7-4668-BE54-9A1E7A4F7556}") = "OdeToFood", "OdeToFood\OdeToFood.csproj", "{D70EA244-7195-4EE2-9753-ABD94811ADC7}"
EndProject
Global
	GlobalSection(SolutionConfigurationPlatforms) = preSolution
		Debug|Any CPU = Debug|Any CPU
		Release|Any CPU = Release|Any CPU
	EndGlobalSection
	GlobalSection(ProjectConfigurationPlatforms) = postSolution
		{D70EA244-7195-4EE2-9753-ABD94811ADC7}.Debug|Any CPU.ActiveCfg = Debug|Any CPU
		{D70EA244-7195-4EE2-9753-ABD94811ADC7}.Debug|Any CPU.Build.0 = Debug|Any CPU
		{D70EA244-7195-4EE2-9753-ABD94811ADC7}.Release|Any CPU.ActiveCfg = Release|Any CPU
		{D70EA244-7195-4EE2-9753-ABD94811ADC7}.Release|Any CPU.Build.0 = Release|Any CPU
	EndGlobalSection
	GlobalSection(SolutionProperties) = preSolution
		HideSolutionNode = FALSE
	EndGlobalSection
	GlobalSection(ExtensibilityGlobals) = postSolution
		SolutionGuid = {5010407C-3AB8-4615-A85D-92B90A7AA724}
	EndGlobalSection
EndGlobal
